
Microsoft Visual Studio Solution File, Format Version 12.00
# Visual Studio 15
VisualStudioVersion = 15.0.26228.4
MinimumVisualStudioVersion = 10.0.40219.1
Project("{FAE04EC0-301F-11D3-BF4B-00C04F79EFBC}") = "iOSChartJS", "iOSChartJS\iOSChartJS.csproj", "{2DCA9B4B-E4B7-4015-B4A0-D57651AD9CB3}"
EndProject
Global
	GlobalSection(SolutionConfigurationPlatforms) = preSolution
		Ad-Hoc|iPhone = Ad-Hoc|iPhone
		Ad-Hoc|iPhoneSimulator = Ad-Hoc|iPhoneSimulator
		AppStore|iPhone = AppStore|iPhone
		AppStore|iPhoneSimulator = AppStore|iPhoneSimulator
		Debug|iPhone = Debug|iPhone
		Debug|iPhoneSimulator = Debug|iPhoneSimulator
		Release|iPhone = Release|iPhone
		Release|iPhoneSimulator = Release|iPhoneSimulator
	EndGlobalSection
	GlobalSection(ProjectConfigurationPlatforms) = postSolution
		{2DCA9B4B-E4B7-4015-B4A0-D57651AD9CB3}.Ad-Hoc|iPhone.ActiveCfg = Ad-Hoc|iPhone
		{2DCA9B4B-E4B7-4015-B4A0-D57651AD9CB3}.Ad-Hoc|iPhone.Build.0 = Ad-Hoc|iPhone
		{2DCA9B4B-E4B7-4015-B4A0-D57651AD9CB3}.Ad-Hoc|iPhoneSimulator.ActiveCfg = Ad-Hoc|iPhoneSimulator
		{2DCA9B4B-E4B7-4015-B4A0-D57651AD9CB3}.Ad-Hoc|iPhoneSimulator.Build.0 = Ad-Hoc|iPhoneSimulator
		{2DCA9B4B-E4B7-4015-B4A0-D57651AD9CB3}.AppStore|iPhone.ActiveCfg = AppStore|iPhone
		{2DCA9B4B-E4B7-4015-B4A0-D57651AD9CB3}.AppStore|iPhone.Build.0 = AppStore|iPhone
		{2DCA9B4B-E4B7-4015-B4A0-D57651AD9CB3}.AppStore|iPhoneSimulator.ActiveCfg = AppStore|iPhoneSimulator
		{2DCA9B4B-E4B7-4015-B4A0-D57651AD9CB3}.AppStore|iPhoneSimulator.Build.0 = AppStore|iPhoneSimulator
		{2DCA9B4B-E4B7-4015-B4A0-D57651AD9CB3}.Debug|iPhone.ActiveCfg = Debug|iPhone
		{2DCA9B4B-E4B7-4015-B4A0-D57651AD9CB3}.Debug|iPhone.Build.0 = Debug|iPhone
		{2DCA9B4B-E4B7-4015-B4A0-D57651AD9CB3}.Debug|iPhoneSimulator.ActiveCfg = Debug|iPhoneSimulator
		{2DCA9B4B-E4B7-4015-B4A0-D57651AD9CB3}.Debug|iPhoneSimulator.Build.0 = Debug|iPhoneSimulator
		{2DCA9B4B-E4B7-4015-B4A0-D57651AD9CB3}.Release|iPhone.ActiveCfg = Release|iPhone
		{2DCA9B4B-E4B7-4015-B4A0-D57651AD9CB3}.Release|iPhone.Build.0 = Release|iPhone
		{2DCA9B4B-E4B7-4015-B4A0-D57651AD9CB3}.Release|iPhoneSimulator.ActiveCfg = Release|iPhoneSimulator
		{2DCA9B4B-E4B7-4015-B4A0-D57651AD9CB3}.Release|iPhoneSimulator.Build.0 = Release|iPhoneSimulator
	EndGlobalSection
	GlobalSection(SolutionProperties) = preSolution
		HideSolutionNode = FALSE
	EndGlobalSection
EndGlobal
